
Microsoft Visual Studio Solution File, Format Version 12.00
# Visual Studio 15
Project("{FAE04EC0-301F-11D3-BF4B-00C04F79EFBC}") = "Unity.Timeline", "Unity.Timeline.csproj", "{332E1A4B-816A-6060-18DA-AB0A491E03E4}"
EndProject
Project("{FAE04EC0-301F-11D3-BF4B-00C04F79EFBC}") = "Unity.Timeline.Editor", "Unity.Timeline.Editor.csproj", "{20368618-08CD-717D-F166-F50DE0CA3A4F}"
EndProject
Project("{FAE04EC0-301F-11D3-BF4B-00C04F79EFBC}") = "Unity.2D.Tilemap.Editor", "Unity.2D.Tilemap.Editor.csproj", "{CE749368-81A3-FFF3-673C-8789C54576C9}"
EndProject
Project("{FAE04EC0-301F-11D3-BF4B-00C04F79EFBC}") = "Unity.TextMeshPro.Editor", "Unity.TextMeshPro.Editor.csproj", "{C5073C06-C278-78B3-543E-89C1E7558154}"
EndProject
Project("{FAE04EC0-301F-11D3-BF4B-00C04F79EFBC}") = "Unity.2D.Aseprite.Editor", "Unity.2D.Aseprite.Editor.csproj", "{DE73832A-BD06-8EC9-E895-F9D85AB47F97}"
EndProject
Project("{FAE04EC0-301F-11D3-BF4B-00C04F79EFBC}") = "Unity.VisualScripting.Flow", "Unity.VisualScripting.Flow.csproj", "{3E0E391C-ADC7-DAB4-5D78-EBAD85FE0017}"
EndProject
Project("{FAE04EC0-301F-11D3-BF4B-00C04F79EFBC}") = "UnityEditor.UI", "UnityEditor.UI.csproj", "{B2000777-8FEF-9990-344E-C5DCD6B45C57}"
EndProject
Project("{FAE04EC0-301F-11D3-BF4B-00C04F79EFBC}") = "Unity.PlasticSCM.Editor", "Unity.PlasticSCM.Editor.csproj", "{0B679B8D-2E5A-0129-00A2-0C3433319D33}"
EndProject
Project("{FAE04EC0-301F-11D3-BF4B-00C04F79EFBC}") = "Unity.2D.Psdimporter.Editor", "Unity.2D.Psdimporter.Editor.csproj", "{C21F7245-E417-8FB2-341D-0FB67BA97D70}"
EndProject
Project("{FAE04EC0-301F-11D3-BF4B-00C04F79EFBC}") = "Unity.VisualScripting.Core", "Unity.VisualScripting.Core.csproj", "{CA7FF4DC-0D4C-E32A-DA12-5E423EF68427}"
EndProject
Project("{FAE04EC0-301F-11D3-BF4B-00C04F79EFBC}") = "Unity.Mathematics", "Unity.Mathematics.csproj", "{667FE6DE-9AB5-BE43-D5F8-24C8D76FA8A7}"
EndProject
Project("{FAE04EC0-301F-11D3-BF4B-00C04F79EFBC}") = "Unity.2D.Animation.Editor", "Unity.2D.Animation.Editor.csproj", "{63AA820C-E477-437A-E680-45DDD718EF36}"
EndProject
Project("{FAE04EC0-301F-11D3-BF4B-00C04F79EFBC}") = "Unity.2D.Common.Path.Editor", "Unity.2D.Common.Path.Editor.csproj", "{0588AECC-C89E-59D0-A3D5-10E7DDB31636}"
EndProject
Project("{FAE04EC0-301F-11D3-BF4B-00C04F79EFBC}") = "Unity.VisualScripting.Core.Editor", "Unity.VisualScripting.Core.Editor.csproj", "{266551A3-EC23-2399-CDEC-02EA9B2FB601}"
EndProject
Project("{FAE04EC0-301F-11D3-BF4B-00C04F79EFBC}") = "Unity.2D.IK.Runtime", "Unity.2D.IK.Runtime.csproj", "{67E7A2AA-F3AF-0BBE-92B2-4B9DC27625A7}"
EndProject
Project("{FAE04EC0-301F-11D3-BF4B-00C04F79EFBC}") = "Unity.VisualScripting.Flow.Editor", "Unity.VisualScripting.Flow.Editor.csproj", "{9A9500CF-D86F-D5CC-9F7A-E00C0B92F84E}"
EndProject
Project("{FAE04EC0-301F-11D3-BF4B-00C04F79EFBC}") = "UnityEditor.TestRunner", "UnityEditor.TestRunner.csproj", "{AF8C3B19-E60C-A18D-19AB-FE99D85AA230}"
EndProject
Project("{FAE04EC0-301F-11D3-BF4B-00C04F79EFBC}") = "Unity.VisualScripting.SettingsProvider.Editor", "Unity.VisualScripting.SettingsProvider.Editor.csproj", "{56EA9372-B4F0-6650-1ECE-39F2831A73F6}"
EndProject
Project("{FAE04EC0-301F-11D3-BF4B-00C04F79EFBC}") = "UnityEngine.TestRunner", "UnityEngine.TestRunner.csproj", "{A67A9C0A-F292-E347-2363-B45FF76CB817}"
EndProject
Project("{FAE04EC0-301F-11D3-BF4B-00C04F79EFBC}") = "PsdPlugin", "PsdPlugin.csproj", "{6099EDBE-F29A-8F2F-BCB7-475EDA31B1CB}"
EndProject
Project("{FAE04EC0-301F-11D3-BF4B-00C04F79EFBC}") = "Unity.Burst", "Unity.Burst.csproj", "{4C07974F-8A35-063D-F82C-55AEC29935A0}"
EndProject
Project("{FAE04EC0-301F-11D3-BF4B-00C04F79EFBC}") = "UnityEngine.UI", "UnityEngine.UI.csproj", "{C129DDD4-5295-9787-6AA2-4B83206EFA9C}"
EndProject
Project("{FAE04EC0-301F-11D3-BF4B-00C04F79EFBC}") = "Unity.2D.SpriteShape.Editor", "Unity.2D.SpriteShape.Editor.csproj", "{6F4E36CF-8411-79A9-A180-80AF9D27C3BA}"
EndProject
Project("{FAE04EC0-301F-11D3-BF4B-00C04F79EFBC}") = "Unity.Collections", "Unity.Collections.csproj", "{3B6FA8FA-F7A9-20AA-7279-25AC7B035050}"
EndProject
Project("{FAE04EC0-301F-11D3-BF4B-00C04F79EFBC}") = "Assembly-CSharp", "Assembly-CSharp.csproj", "{4BCC634D-AC88-2012-CA89-45E17CA82064}"
EndProject
Project("{FAE04EC0-301F-11D3-BF4B-00C04F79EFBC}") = "Unity.VisualStudio.Editor", "Unity.VisualStudio.Editor.csproj", "{D3B31F31-98CB-5A8F-A2EF-19B5F804EBA3}"
EndProject
Project("{FAE04EC0-301F-11D3-BF4B-00C04F79EFBC}") = "Unity.2D.Tilemap.Extras.Editor", "Unity.2D.Tilemap.Extras.Editor.csproj", "{C782EB16-7737-414F-1231-611594C56393}"
EndProject
Project("{FAE04EC0-301F-11D3-BF4B-00C04F79EFBC}") = "Unity.Rider.Editor", "Unity.Rider.Editor.csproj", "{CDC70193-0E13-C987-BAE0-A54AD883AF86}"
EndProject
Project("{FAE04EC0-301F-11D3-BF4B-00C04F79EFBC}") = "Unity.InternalAPIEditorBridge.001", "Unity.InternalAPIEditorBridge.001.csproj", "{683A724C-9C46-D028-039B-71D762863D77}"
EndProject
Project("{FAE04EC0-301F-11D3-BF4B-00C04F79EFBC}") = "Unity.2D.SpriteShape.Runtime", "Unity.2D.SpriteShape.Runtime.csproj", "{23815799-0946-E69C-CC20-1F4917426C08}"
EndProject
Project("{FAE04EC0-301F-11D3-BF4B-00C04F79EFBC}") = "Unity.VisualScripting.State.Editor", "Unity.VisualScripting.State.Editor.csproj", "{429EE4E2-8A6C-BEAE-2AB2-B09A3278ED28}"
EndProject
Project("{FAE04EC0-301F-11D3-BF4B-00C04F79EFBC}") = "Unity.2D.Animation.Runtime", "Unity.2D.Animation.Runtime.csproj", "{0AE158B6-94E4-A996-92D7-07FD37F0745D}"
EndProject
Project("{FAE04EC0-301F-11D3-BF4B-00C04F79EFBC}") = "Unity.Burst.CodeGen", "Unity.Burst.CodeGen.csproj", "{76F22B9B-A797-3291-B543-89BBD0BB97D7}"
EndProject
Project("{FAE04EC0-301F-11D3-BF4B-00C04F79EFBC}") = "Unity.2D.Tilemap.Extras", "Unity.2D.Tilemap.Extras.csproj", "{5DA1B25C-5B37-83A3-6A53-F040E9644E5F}"
EndProject
Project("{FAE04EC0-301F-11D3-BF4B-00C04F79EFBC}") = "Unity.VisualScripting.State", "Unity.VisualScripting.State.csproj", "{EFEFA4E0-53A6-21DF-5575-3423FC55E31F}"
EndProject
Project("{FAE04EC0-301F-11D3-BF4B-00C04F79EFBC}") = "Unity.TextMeshPro", "Unity.TextMeshPro.csproj", "{1AA7F446-EAD9-B9BB-B32C-37D72CC2171D}"
EndProject
Project("{FAE04EC0-301F-11D3-BF4B-00C04F79EFBC}") = "Unity.2D.Aseprite.Common", "Unity.2D.Aseprite.Common.csproj", "{B92A1097-918B-42EE-2044-ED42077A9CA9}"
EndProject
Project("{FAE04EC0-301F-11D3-BF4B-00C04F79EFBC}") = "Unity.2D.IK.Editor", "Unity.2D.IK.Editor.csproj", "{679123A9-A967-A217-171B-ECE8342CD5B4}"
EndProject
Project("{FAE04EC0-301F-11D3-BF4B-00C04F79EFBC}") = "Unity.InternalAPIEngineBridge.001", "Unity.InternalAPIEngineBridge.001.csproj", "{D36A9397-DF48-DD57-4BE4-3B615990A170}"
EndProject
Project("{FAE04EC0-301F-11D3-BF4B-00C04F79EFBC}") = "Unity.Burst.Editor", "Unity.Burst.Editor.csproj", "{C1CFC7EF-81CB-53B3-621E-98D50D5034F2}"
EndProject
Project("{FAE04EC0-301F-11D3-BF4B-00C04F79EFBC}") = "Unity.2D.Common.Editor", "Unity.2D.Common.Editor.csproj", "{AE006C8B-4EE5-F2D2-2A7B-3628740EDC6E}"
EndProject
Project("{FAE04EC0-301F-11D3-BF4B-00C04F79EFBC}") = "Unity.2D.Sprite.Editor", "Unity.2D.Sprite.Editor.csproj", "{9C2FF66F-E4B3-A5FE-BC2C-56B614496BEC}"
EndProject
Project("{FAE04EC0-301F-11D3-BF4B-00C04F79EFBC}") = "Unity.2D.PixelPerfect", "Unity.2D.PixelPerfect.csproj", "{7C636C41-3770-3F6C-841E-5E22A1411751}"
EndProject
Project("{FAE04EC0-301F-11D3-BF4B-00C04F79EFBC}") = "Unity.2D.PixelPerfect.Editor", "Unity.2D.PixelPerfect.Editor.csproj", "{26A79E45-6B83-1B72-4ECD-5066EFE953DC}"
EndProject
Project("{FAE04EC0-301F-11D3-BF4B-00C04F79EFBC}") = "Unity.2D.Common.Runtime", "Unity.2D.Common.Runtime.csproj", "{29562578-A9D2-26F4-A40C-C7B365A1D04C}"
EndProject
Project("{FAE04EC0-301F-11D3-BF4B-00C04F79EFBC}") = "Unity.Mathematics.Editor", "Unity.Mathematics.Editor.csproj", "{E203E84C-F609-3B02-9AA5-451B494BD113}"
EndProject
Project("{FAE04EC0-301F-11D3-BF4B-00C04F79EFBC}") = "Unity.Collections.BurstCompatibilityGen", "Unity.Collections.BurstCompatibilityGen.csproj", "{BC6C4F7E-4C80-F361-6203-016A896C4813}"
EndProject
Project("{FAE04EC0-301F-11D3-BF4B-00C04F79EFBC}") = "Unity.InternalAPIEditorBridge.005", "Unity.InternalAPIEditorBridge.005.csproj", "{2273EC4A-6728-0343-0BB0-8BF7400A0E78}"
EndProject
Project("{FAE04EC0-301F-11D3-BF4B-00C04F79EFBC}") = "Unity.VisualScripting.Shared.Editor", "Unity.VisualScripting.Shared.Editor.csproj", "{7725C00D-A3D0-91B2-58DF-44D91E2ABD43}"
EndProject
Project("{FAE04EC0-301F-11D3-BF4B-00C04F79EFBC}") = "Unity.Collections.DocCodeSamples", "Unity.Collections.DocCodeSamples.csproj", "{9962E71B-C085-BFF4-18CE-300BDAE8A3C5}"
EndProject
Project("{FAE04EC0-301F-11D3-BF4B-00C04F79EFBC}") = "Unity.CollabProxy.Editor", "Unity.CollabProxy.Editor.csproj", "{25C191B3-B1A9-2089-3DEB-83093E389516}"
EndProject
Project("{FAE04EC0-301F-11D3-BF4B-00C04F79EFBC}") = "Unity.Timeline", "Unity.Timeline.Player.csproj", "{B5E1B6B8-3A01-9FC5-EF59-D15C350EFBD9}"
EndProject
Project("{FAE04EC0-301F-11D3-BF4B-00C04F79EFBC}") = "Unity.VisualScripting.Flow", "Unity.VisualScripting.Flow.Player.csproj", "{29C8B731-66CB-F18D-E150-BD4D4E630DC6}"
EndProject
Project("{FAE04EC0-301F-11D3-BF4B-00C04F79EFBC}") = "Unity.VisualScripting.Core", "Unity.VisualScripting.Core.Player.csproj", "{36A0945D-1214-6BFD-5399-7EF621EF843D}"
EndProject
Project("{FAE04EC0-301F-11D3-BF4B-00C04F79EFBC}") = "Unity.Mathematics", "Unity.Mathematics.Player.csproj", "{BCC257E7-656B-D32F-60A0-A913D90C3DC9}"
EndProject
Project("{FAE04EC0-301F-11D3-BF4B-00C04F79EFBC}") = "Unity.2D.IK.Runtime", "Unity.2D.IK.Runtime.Player.csproj", "{02B8B84C-EEE9-94F4-558A-C71422BF34D8}"
EndProject
Project("{FAE04EC0-301F-11D3-BF4B-00C04F79EFBC}") = "UnityEngine.TestRunner", "UnityEngine.TestRunner.Player.csproj", "{C06ECBF0-92E9-C958-E710-6A521EEFCE52}"
EndProject
Project("{FAE04EC0-301F-11D3-BF4B-00C04F79EFBC}") = "Unity.Burst", "Unity.Burst.Player.csproj", "{C30C6297-4EB6-8C66-A138-477E4DFC9F29}"
EndProject
Project("{FAE04EC0-301F-11D3-BF4B-00C04F79EFBC}") = "UnityEngine.UI", "UnityEngine.UI.Player.csproj", "{7DE3DBF0-13B9-F5B3-B934-AA7103AE842D}"
EndProject
Project("{FAE04EC0-301F-11D3-BF4B-00C04F79EFBC}") = "Unity.Collections", "Unity.Collections.Player.csproj", "{09B9DC35-5744-68BA-D72F-72762311E1F9}"
EndProject
Project("{FAE04EC0-301F-11D3-BF4B-00C04F79EFBC}") = "Assembly-CSharp", "Assembly-CSharp.Player.csproj", "{85251856-612C-8577-2BFA-58B96545D48F}"
EndProject
Project("{FAE04EC0-301F-11D3-BF4B-00C04F79EFBC}") = "Unity.2D.SpriteShape.Runtime", "Unity.2D.SpriteShape.Runtime.Player.csproj", "{FC5AA9F7-AEEF-FA6C-FB27-3A8D653CE0EF}"
EndProject
Project("{FAE04EC0-301F-11D3-BF4B-00C04F79EFBC}") = "Unity.2D.Animation.Runtime", "Unity.2D.Animation.Runtime.Player.csproj", "{45841DD9-CACD-4641-A0D9-34719D4046BF}"
EndProject
Project("{FAE04EC0-301F-11D3-BF4B-00C04F79EFBC}") = "Unity.2D.Tilemap.Extras", "Unity.2D.Tilemap.Extras.Player.csproj", "{0A132172-5CF3-47E1-C01E-B3E42AF9625F}"
EndProject
Project("{FAE04EC0-301F-11D3-BF4B-00C04F79EFBC}") = "Unity.VisualScripting.State", "Unity.VisualScripting.State.Player.csproj", "{605EE693-EE7D-24E6-D32F-1448AD7DF0FF}"
EndProject
Project("{FAE04EC0-301F-11D3-BF4B-00C04F79EFBC}") = "Unity.TextMeshPro", "Unity.TextMeshPro.Player.csproj", "{477A190D-0F97-499F-C78E-9E0D83C7FC7F}"
EndProject
Project("{FAE04EC0-301F-11D3-BF4B-00C04F79EFBC}") = "Unity.InternalAPIEngineBridge.001", "Unity.InternalAPIEngineBridge.001.Player.csproj", "{1760FDB8-C483-573A-3D7F-7194161F0246}"
EndProject
Project("{FAE04EC0-301F-11D3-BF4B-00C04F79EFBC}") = "Unity.2D.PixelPerfect", "Unity.2D.PixelPerfect.Player.csproj", "{F50D65BB-1AAF-C183-6F2D-12201D2ACA44}"
EndProject
Project("{FAE04EC0-301F-11D3-BF4B-00C04F79EFBC}") = "Unity.2D.Common.Runtime", "Unity.2D.Common.Runtime.Player.csproj", "{25A5BA0C-5319-0BC9-0FE4-368D173E7776}"
EndProject
Global
	GlobalSection(SolutionConfigurationPlatforms) = preSolution
		Debug|Any CPU = Debug|Any CPU
		Release|Any CPU = Release|Any CPU
	EndGlobalSection
	GlobalSection(ProjectConfigurationPlatforms) = postSolution
		{332E1A4B-816A-6060-18DA-AB0A491E03E4}.Debug|Any CPU.ActiveCfg = Debug|Any CPU
		{332E1A4B-816A-6060-18DA-AB0A491E03E4}.Debug|Any CPU.Build.0 = Debug|Any CPU
		{332E1A4B-816A-6060-18DA-AB0A491E03E4}.Release|Any CPU.ActiveCfg = Release|Any CPU
		{332E1A4B-816A-6060-18DA-AB0A491E03E4}.Release|Any CPU.Build.0 = Release|Any CPU
		{20368618-08CD-717D-F166-F50DE0CA3A4F}.Debug|Any CPU.ActiveCfg = Debug|Any CPU
		{20368618-08CD-717D-F166-F50DE0CA3A4F}.Debug|Any CPU.Build.0 = Debug|Any CPU
		{20368618-08CD-717D-F166-F50DE0CA3A4F}.Release|Any CPU.ActiveCfg = Release|Any CPU
		{20368618-08CD-717D-F166-F50DE0CA3A4F}.Release|Any CPU.Build.0 = Release|Any CPU
		{CE749368-81A3-FFF3-673C-8789C54576C9}.Debug|Any CPU.ActiveCfg = Debug|Any CPU
		{CE749368-81A3-FFF3-673C-8789C54576C9}.Debug|Any CPU.Build.0 = Debug|Any CPU
		{CE749368-81A3-FFF3-673C-8789C54576C9}.Release|Any CPU.ActiveCfg = Release|Any CPU
		{CE749368-81A3-FFF3-673C-8789C54576C9}.Release|Any CPU.Build.0 = Release|Any CPU
		{C5073C06-C278-78B3-543E-89C1E7558154}.Debug|Any CPU.ActiveCfg = Debug|Any CPU
		{C5073C06-C278-78B3-543E-89C1E7558154}.Debug|Any CPU.Build.0 = Debug|Any CPU
		{C5073C06-C278-78B3-543E-89C1E7558154}.Release|Any CPU.ActiveCfg = Release|Any CPU
		{C5073C06-C278-78B3-543E-89C1E7558154}.Release|Any CPU.Build.0 = Release|Any CPU
		{DE73832A-BD06-8EC9-E895-F9D85AB47F97}.Debug|Any CPU.ActiveCfg = Debug|Any CPU
		{DE73832A-BD06-8EC9-E895-F9D85AB47F97}.Debug|Any CPU.Build.0 = Debug|Any CPU
		{DE73832A-BD06-8EC9-E895-F9D85AB47F97}.Release|Any CPU.ActiveCfg = Release|Any CPU
		{DE73832A-BD06-8EC9-E895-F9D85AB47F97}.Release|Any CPU.Build.0 = Release|Any CPU
		{3E0E391C-ADC7-DAB4-5D78-EBAD85FE0017}.Debug|Any CPU.ActiveCfg = Debug|Any CPU
		{3E0E391C-ADC7-DAB4-5D78-EBAD85FE0017}.Debug|Any CPU.Build.0 = Debug|Any CPU
		{3E0E391C-ADC7-DAB4-5D78-EBAD85FE0017}.Release|Any CPU.ActiveCfg = Release|Any CPU
		{3E0E391C-ADC7-DAB4-5D78-EBAD85FE0017}.Release|Any CPU.Build.0 = Release|Any CPU
		{B2000777-8FEF-9990-344E-C5DCD6B45C57}.Debug|Any CPU.ActiveCfg = Debug|Any CPU
		{B2000777-8FEF-9990-344E-C5DCD6B45C57}.Debug|Any CPU.Build.0 = Debug|Any CPU
		{B2000777-8FEF-9990-344E-C5DCD6B45C57}.Release|Any CPU.ActiveCfg = Release|Any CPU
		{B2000777-8FEF-9990-344E-C5DCD6B45C57}.Release|Any CPU.Build.0 = Release|Any CPU
		{0B679B8D-2E5A-0129-00A2-0C3433319D33}.Debug|Any CPU.ActiveCfg = Debug|Any CPU
		{0B679B8D-2E5A-0129-00A2-0C3433319D33}.Debug|Any CPU.Build.0 = Debug|Any CPU
		{0B679B8D-2E5A-0129-00A2-0C3433319D33}.Release|Any CPU.ActiveCfg = Release|Any CPU
		{0B679B8D-2E5A-0129-00A2-0C3433319D33}.Release|Any CPU.Build.0 = Release|Any CPU
		{C21F7245-E417-8FB2-341D-0FB67BA97D70}.Debug|Any CPU.ActiveCfg = Debug|Any CPU
		{C21F7245-E417-8FB2-341D-0FB67BA97D70}.Debug|Any CPU.Build.0 = Debug|Any CPU
		{C21F7245-E417-8FB2-341D-0FB67BA97D70}.Release|Any CPU.ActiveCfg = Release|Any CPU
		{C21F7245-E417-8FB2-341D-0FB67BA97D70}.Release|Any CPU.Build.0 = Release|Any CPU
		{CA7FF4DC-0D4C-E32A-DA12-5E423EF68427}.Debug|Any CPU.ActiveCfg = Debug|Any CPU
		{CA7FF4DC-0D4C-E32A-DA12-5E423EF68427}.Debug|Any CPU.Build.0 = Debug|Any CPU
		{CA7FF4DC-0D4C-E32A-DA12-5E423EF68427}.Release|Any CPU.ActiveCfg = Release|Any CPU
		{CA7FF4DC-0D4C-E32A-DA12-5E423EF68427}.Release|Any CPU.Build.0 = Release|Any CPU
		{667FE6DE-9AB5-BE43-D5F8-24C8D76FA8A7}.Debug|Any CPU.ActiveCfg = Debug|Any CPU
		{667FE6DE-9AB5-BE43-D5F8-24C8D76FA8A7}.Debug|Any CPU.Build.0 = Debug|Any CPU
		{667FE6DE-9AB5-BE43-D5F8-24C8D76FA8A7}.Release|Any CPU.ActiveCfg = Release|Any CPU
		{667FE6DE-9AB5-BE43-D5F8-24C8D76FA8A7}.Release|Any CPU.Build.0 = Release|Any CPU
		{63AA820C-E477-437A-E680-45DDD718EF36}.Debug|Any CPU.ActiveCfg = Debug|Any CPU
		{63AA820C-E477-437A-E680-45DDD718EF36}.Debug|Any CPU.Build.0 = Debug|Any CPU
		{63AA820C-E477-437A-E680-45DDD718EF36}.Release|Any CPU.ActiveCfg = Release|Any CPU
		{63AA820C-E477-437A-E680-45DDD718EF36}.Release|Any CPU.Build.0 = Release|Any CPU
		{0588AECC-C89E-59D0-A3D5-10E7DDB31636}.Debug|Any CPU.ActiveCfg = Debug|Any CPU
		{0588AECC-C89E-59D0-A3D5-10E7DDB31636}.Debug|Any CPU.Build.0 = Debug|Any CPU
		{0588AECC-C89E-59D0-A3D5-10E7DDB31636}.Release|Any CPU.ActiveCfg = Release|Any CPU
		{0588AECC-C89E-59D0-A3D5-10E7DDB31636}.Release|Any CPU.Build.0 = Release|Any CPU
		{266551A3-EC23-2399-CDEC-02EA9B2FB601}.Debug|Any CPU.ActiveCfg = Debug|Any CPU
		{266551A3-EC23-2399-CDEC-02EA9B2FB601}.Debug|Any CPU.Build.0 = Debug|Any CPU
		{266551A3-EC23-2399-CDEC-02EA9B2FB601}.Release|Any CPU.ActiveCfg = Release|Any CPU
		{266551A3-EC23-2399-CDEC-02EA9B2FB601}.Release|Any CPU.Build.0 = Release|Any CPU
		{67E7A2AA-F3AF-0BBE-92B2-4B9DC27625A7}.Debug|Any CPU.ActiveCfg = Debug|Any CPU
		{67E7A2AA-F3AF-0BBE-92B2-4B9DC27625A7}.Debug|Any CPU.Build.0 = Debug|Any CPU
		{67E7A2AA-F3AF-0BBE-92B2-4B9DC27625A7}.Release|Any CPU.ActiveCfg = Release|Any CPU
		{67E7A2AA-F3AF-0BBE-92B2-4B9DC27625A7}.Release|Any CPU.Build.0 = Release|Any CPU
		{9A9500CF-D86F-D5CC-9F7A-E00C0B92F84E}.Debug|Any CPU.ActiveCfg = Debug|Any CPU
		{9A9500CF-D86F-D5CC-9F7A-E00C0B92F84E}.Debug|Any CPU.Build.0 = Debug|Any CPU
		{9A9500CF-D86F-D5CC-9F7A-E00C0B92F84E}.Release|Any CPU.ActiveCfg = Release|Any CPU
		{9A9500CF-D86F-D5CC-9F7A-E00C0B92F84E}.Release|Any CPU.Build.0 = Release|Any CPU
		{AF8C3B19-E60C-A18D-19AB-FE99D85AA230}.Debug|Any CPU.ActiveCfg = Debug|Any CPU
		{AF8C3B19-E60C-A18D-19AB-FE99D85AA230}.Debug|Any CPU.Build.0 = Debug|Any CPU
		{AF8C3B19-E60C-A18D-19AB-FE99D85AA230}.Release|Any CPU.ActiveCfg = Release|Any CPU
		{AF8C3B19-E60C-A18D-19AB-FE99D85AA230}.Release|Any CPU.Build.0 = Release|Any CPU
		{56EA9372-B4F0-6650-1ECE-39F2831A73F6}.Debug|Any CPU.ActiveCfg = Debug|Any CPU
		{56EA9372-B4F0-6650-1ECE-39F2831A73F6}.Debug|Any CPU.Build.0 = Debug|Any CPU
		{56EA9372-B4F0-6650-1ECE-39F2831A73F6}.Release|Any CPU.ActiveCfg = Release|Any CPU
		{56EA9372-B4F0-6650-1ECE-39F2831A73F6}.Release|Any CPU.Build.0 = Release|Any CPU
		{A67A9C0A-F292-E347-2363-B45FF76CB817}.Debug|Any CPU.ActiveCfg = Debug|Any CPU
		{A67A9C0A-F292-E347-2363-B45FF76CB817}.Debug|Any CPU.Build.0 = Debug|Any CPU
		{A67A9C0A-F292-E347-2363-B45FF76CB817}.Release|Any CPU.ActiveCfg = Release|Any CPU
		{A67A9C0A-F292-E347-2363-B45FF76CB817}.Release|Any CPU.Build.0 = Release|Any CPU
		{6099EDBE-F29A-8F2F-BCB7-475EDA31B1CB}.Debug|Any CPU.ActiveCfg = Debug|Any CPU
		{6099EDBE-F29A-8F2F-BCB7-475EDA31B1CB}.Debug|Any CPU.Build.0 = Debug|Any CPU
		{6099EDBE-F29A-8F2F-BCB7-475EDA31B1CB}.Release|Any CPU.ActiveCfg = Release|Any CPU
		{6099EDBE-F29A-8F2F-BCB7-475EDA31B1CB}.Release|Any CPU.Build.0 = Release|Any CPU
		{4C07974F-8A35-063D-F82C-55AEC29935A0}.Debug|Any CPU.ActiveCfg = Debug|Any CPU
		{4C07974F-8A35-063D-F82C-55AEC29935A0}.Debug|Any CPU.Build.0 = Debug|Any CPU
		{4C07974F-8A35-063D-F82C-55AEC29935A0}.Release|Any CPU.ActiveCfg = Release|Any CPU
		{4C07974F-8A35-063D-F82C-55AEC29935A0}.Release|Any CPU.Build.0 = Release|Any CPU
		{C129DDD4-5295-9787-6AA2-4B83206EFA9C}.Debug|Any CPU.ActiveCfg = Debug|Any CPU
		{C129DDD4-5295-9787-6AA2-4B83206EFA9C}.Debug|Any CPU.Build.0 = Debug|Any CPU
		{C129DDD4-5295-9787-6AA2-4B83206EFA9C}.Release|Any CPU.ActiveCfg = Release|Any CPU
		{C129DDD4-5295-9787-6AA2-4B83206EFA9C}.Release|Any CPU.Build.0 = Release|Any CPU
		{6F4E36CF-8411-79A9-A180-80AF9D27C3BA}.Debug|Any CPU.ActiveCfg = Debug|Any CPU
		{6F4E36CF-8411-79A9-A180-80AF9D27C3BA}.Debug|Any CPU.Build.0 = Debug|Any CPU
		{6F4E36CF-8411-79A9-A180-80AF9D27C3BA}.Release|Any CPU.ActiveCfg = Release|Any CPU
		{6F4E36CF-8411-79A9-A180-80AF9D27C3BA}.Release|Any CPU.Build.0 = Release|Any CPU
		{3B6FA8FA-F7A9-20AA-7279-25AC7B035050}.Debug|Any CPU.ActiveCfg = Debug|Any CPU
		{3B6FA8FA-F7A9-20AA-7279-25AC7B035050}.Debug|Any CPU.Build.0 = Debug|Any CPU
		{3B6FA8FA-F7A9-20AA-7279-25AC7B035050}.Release|Any CPU.ActiveCfg = Release|Any CPU
		{3B6FA8FA-F7A9-20AA-7279-25AC7B035050}.Release|Any CPU.Build.0 = Release|Any CPU
		{4BCC634D-AC88-2012-CA89-45E17CA82064}.Debug|Any CPU.ActiveCfg = Debug|Any CPU
		{4BCC634D-AC88-2012-CA89-45E17CA82064}.Debug|Any CPU.Build.0 = Debug|Any CPU
		{4BCC634D-AC88-2012-CA89-45E17CA82064}.Release|Any CPU.ActiveCfg = Release|Any CPU
		{4BCC634D-AC88-2012-CA89-45E17CA82064}.Release|Any CPU.Build.0 = Release|Any CPU
		{D3B31F31-98CB-5A8F-A2EF-19B5F804EBA3}.Debug|Any CPU.ActiveCfg = Debug|Any CPU
		{D3B31F31-98CB-5A8F-A2EF-19B5F804EBA3}.Debug|Any CPU.Build.0 = Debug|Any CPU
		{D3B31F31-98CB-5A8F-A2EF-19B5F804EBA3}.Release|Any CPU.ActiveCfg = Release|Any CPU
		{D3B31F31-98CB-5A8F-A2EF-19B5F804EBA3}.Release|Any CPU.Build.0 = Release|Any CPU
		{C782EB16-7737-414F-1231-611594C56393}.Debug|Any CPU.ActiveCfg = Debug|Any CPU
		{C782EB16-7737-414F-1231-611594C56393}.Debug|Any CPU.Build.0 = Debug|Any CPU
		{C782EB16-7737-414F-1231-611594C56393}.Release|Any CPU.ActiveCfg = Release|Any CPU
		{C782EB16-7737-414F-1231-611594C56393}.Release|Any CPU.Build.0 = Release|Any CPU
		{CDC70193-0E13-C987-BAE0-A54AD883AF86}.Debug|Any CPU.ActiveCfg = Debug|Any CPU
		{CDC70193-0E13-C987-BAE0-A54AD883AF86}.Debug|Any CPU.Build.0 = Debug|Any CPU
		{CDC70193-0E13-C987-BAE0-A54AD883AF86}.Release|Any CPU.ActiveCfg = Release|Any CPU
		{CDC70193-0E13-C987-BAE0-A54AD883AF86}.Release|Any CPU.Build.0 = Release|Any CPU
		{683A724C-9C46-D028-039B-71D762863D77}.Debug|Any CPU.ActiveCfg = Debug|Any CPU
		{683A724C-9C46-D028-039B-71D762863D77}.Debug|Any CPU.Build.0 = Debug|Any CPU
		{683A724C-9C46-D028-039B-71D762863D77}.Release|Any CPU.ActiveCfg = Release|Any CPU
		{683A724C-9C46-D028-039B-71D762863D77}.Release|Any CPU.Build.0 = Release|Any CPU
		{23815799-0946-E69C-CC20-1F4917426C08}.Debug|Any CPU.ActiveCfg = Debug|Any CPU
		{23815799-0946-E69C-CC20-1F4917426C08}.Debug|Any CPU.Build.0 = Debug|Any CPU
		{23815799-0946-E69C-CC20-1F4917426C08}.Release|Any CPU.ActiveCfg = Release|Any CPU
		{23815799-0946-E69C-CC20-1F4917426C08}.Release|Any CPU.Build.0 = Release|Any CPU
		{429EE4E2-8A6C-BEAE-2AB2-B09A3278ED28}.Debug|Any CPU.ActiveCfg = Debug|Any CPU
		{429EE4E2-8A6C-BEAE-2AB2-B09A3278ED28}.Debug|Any CPU.Build.0 = Debug|Any CPU
		{429EE4E2-8A6C-BEAE-2AB2-B09A3278ED28}.Release|Any CPU.ActiveCfg = Release|Any CPU
		{429EE4E2-8A6C-BEAE-2AB2-B09A3278ED28}.Release|Any CPU.Build.0 = Release|Any CPU
		{0AE158B6-94E4-A996-92D7-07FD37F0745D}.Debug|Any CPU.ActiveCfg = Debug|Any CPU
		{0AE158B6-94E4-A996-92D7-07FD37F0745D}.Debug|Any CPU.Build.0 = Debug|Any CPU
		{0AE158B6-94E4-A996-92D7-07FD37F0745D}.Release|Any CPU.ActiveCfg = Release|Any CPU
		{0AE158B6-94E4-A996-92D7-07FD37F0745D}.Release|Any CPU.Build.0 = Release|Any CPU
		{76F22B9B-A797-3291-B543-89BBD0BB97D7}.Debug|Any CPU.ActiveCfg = Debug|Any CPU
		{76F22B9B-A797-3291-B543-89BBD0BB97D7}.Debug|Any CPU.Build.0 = Debug|Any CPU
		{76F22B9B-A797-3291-B543-89BBD0BB97D7}.Release|Any CPU.ActiveCfg = Release|Any CPU
		{76F22B9B-A797-3291-B543-89BBD0BB97D7}.Release|Any CPU.Build.0 = Release|Any CPU
		{5DA1B25C-5B37-83A3-6A53-F040E9644E5F}.Debug|Any CPU.ActiveCfg = Debug|Any CPU
		{5DA1B25C-5B37-83A3-6A53-F040E9644E5F}.Debug|Any CPU.Build.0 = Debug|Any CPU
		{5DA1B25C-5B37-83A3-6A53-F040E9644E5F}.Release|Any CPU.ActiveCfg = Release|Any CPU
		{5DA1B25C-5B37-83A3-6A53-F040E9644E5F}.Release|Any CPU.Build.0 = Release|Any CPU
		{EFEFA4E0-53A6-21DF-5575-3423FC55E31F}.Debug|Any CPU.ActiveCfg = Debug|Any CPU
		{EFEFA4E0-53A6-21DF-5575-3423FC55E31F}.Debug|Any CPU.Build.0 = Debug|Any CPU
		{EFEFA4E0-53A6-21DF-5575-3423FC55E31F}.Release|Any CPU.ActiveCfg = Release|Any CPU
		{EFEFA4E0-53A6-21DF-5575-3423FC55E31F}.Release|Any CPU.Build.0 = Release|Any CPU
		{1AA7F446-EAD9-B9BB-B32C-37D72CC2171D}.Debug|Any CPU.ActiveCfg = Debug|Any CPU
		{1AA7F446-EAD9-B9BB-B32C-37D72CC2171D}.Debug|Any CPU.Build.0 = Debug|Any CPU
		{1AA7F446-EAD9-B9BB-B32C-37D72CC2171D}.Release|Any CPU.ActiveCfg = Release|Any CPU
		{1AA7F446-EAD9-B9BB-B32C-37D72CC2171D}.Release|Any CPU.Build.0 = Release|Any CPU
		{B92A1097-918B-42EE-2044-ED42077A9CA9}.Debug|Any CPU.ActiveCfg = Debug|Any CPU
		{B92A1097-918B-42EE-2044-ED42077A9CA9}.Debug|Any CPU.Build.0 = Debug|Any CPU
		{B92A1097-918B-42EE-2044-ED42077A9CA9}.Release|Any CPU.ActiveCfg = Release|Any CPU
		{B92A1097-918B-42EE-2044-ED42077A9CA9}.Release|Any CPU.Build.0 = Release|Any CPU
		{679123A9-A967-A217-171B-ECE8342CD5B4}.Debug|Any CPU.ActiveCfg = Debug|Any CPU
		{679123A9-A967-A217-171B-ECE8342CD5B4}.Debug|Any CPU.Build.0 = Debug|Any CPU
		{679123A9-A967-A217-171B-ECE8342CD5B4}.Release|Any CPU.ActiveCfg = Release|Any CPU
		{679123A9-A967-A217-171B-ECE8342CD5B4}.Release|Any CPU.Build.0 = Release|Any CPU
		{D36A9397-DF48-DD57-4BE4-3B615990A170}.Debug|Any CPU.ActiveCfg = Debug|Any CPU
		{D36A9397-DF48-DD57-4BE4-3B615990A170}.Debug|Any CPU.Build.0 = Debug|Any CPU
		{D36A9397-DF48-DD57-4BE4-3B615990A170}.Release|Any CPU.ActiveCfg = Release|Any CPU
		{D36A9397-DF48-DD57-4BE4-3B615990A170}.Release|Any CPU.Build.0 = Release|Any CPU
		{C1CFC7EF-81CB-53B3-621E-98D50D5034F2}.Debug|Any CPU.ActiveCfg = Debug|Any CPU
		{C1CFC7EF-81CB-53B3-621E-98D50D5034F2}.Debug|Any CPU.Build.0 = Debug|Any CPU
		{C1CFC7EF-81CB-53B3-621E-98D50D5034F2}.Release|Any CPU.ActiveCfg = Release|Any CPU
		{C1CFC7EF-81CB-53B3-621E-98D50D5034F2}.Release|Any CPU.Build.0 = Release|Any CPU
		{AE006C8B-4EE5-F2D2-2A7B-3628740EDC6E}.Debug|Any CPU.ActiveCfg = Debug|Any CPU
		{AE006C8B-4EE5-F2D2-2A7B-3628740EDC6E}.Debug|Any CPU.Build.0 = Debug|Any CPU
		{AE006C8B-4EE5-F2D2-2A7B-3628740EDC6E}.Release|Any CPU.ActiveCfg = Release|Any CPU
		{AE006C8B-4EE5-F2D2-2A7B-3628740EDC6E}.Release|Any CPU.Build.0 = Release|Any CPU
		{9C2FF66F-E4B3-A5FE-BC2C-56B614496BEC}.Debug|Any CPU.ActiveCfg = Debug|Any CPU
		{9C2FF66F-E4B3-A5FE-BC2C-56B614496BEC}.Debug|Any CPU.Build.0 = Debug|Any CPU
		{9C2FF66F-E4B3-A5FE-BC2C-56B614496BEC}.Release|Any CPU.ActiveCfg = Release|Any CPU
		{9C2FF66F-E4B3-A5FE-BC2C-56B614496BEC}.Release|Any CPU.Build.0 = Release|Any CPU
		{7C636C41-3770-3F6C-841E-5E22A1411751}.Debug|Any CPU.ActiveCfg = Debug|Any CPU
		{7C636C41-3770-3F6C-841E-5E22A1411751}.Debug|Any CPU.Build.0 = Debug|Any CPU
		{7C636C41-3770-3F6C-841E-5E22A1411751}.Release|Any CPU.ActiveCfg = Release|Any CPU
		{7C636C41-3770-3F6C-841E-5E22A1411751}.Release|Any CPU.Build.0 = Release|Any CPU
		{26A79E45-6B83-1B72-4ECD-5066EFE953DC}.Debug|Any CPU.ActiveCfg = Debug|Any CPU
		{26A79E45-6B83-1B72-4ECD-5066EFE953DC}.Debug|Any CPU.Build.0 = Debug|Any CPU
		{26A79E45-6B83-1B72-4ECD-5066EFE953DC}.Release|Any CPU.ActiveCfg = Release|Any CPU
		{26A79E45-6B83-1B72-4ECD-5066EFE953DC}.Release|Any CPU.Build.0 = Release|Any CPU
		{29562578-A9D2-26F4-A40C-C7B365A1D04C}.Debug|Any CPU.ActiveCfg = Debug|Any CPU
		{29562578-A9D2-26F4-A40C-C7B365A1D04C}.Debug|Any CPU.Build.0 = Debug|Any CPU
		{29562578-A9D2-26F4-A40C-C7B365A1D04C}.Release|Any CPU.ActiveCfg = Release|Any CPU
		{29562578-A9D2-26F4-A40C-C7B365A1D04C}.Release|Any CPU.Build.0 = Release|Any CPU
		{E203E84C-F609-3B02-9AA5-451B494BD113}.Debug|Any CPU.ActiveCfg = Debug|Any CPU
		{E203E84C-F609-3B02-9AA5-451B494BD113}.Debug|Any CPU.Build.0 = Debug|Any CPU
		{E203E84C-F609-3B02-9AA5-451B494BD113}.Release|Any CPU.ActiveCfg = Release|Any CPU
		{E203E84C-F609-3B02-9AA5-451B494BD113}.Release|Any CPU.Build.0 = Release|Any CPU
		{BC6C4F7E-4C80-F361-6203-016A896C4813}.Debug|Any CPU.ActiveCfg = Debug|Any CPU
		{BC6C4F7E-4C80-F361-6203-016A896C4813}.Debug|Any CPU.Build.0 = Debug|Any CPU
		{BC6C4F7E-4C80-F361-6203-016A896C4813}.Release|Any CPU.ActiveCfg = Release|Any CPU
		{BC6C4F7E-4C80-F361-6203-016A896C4813}.Release|Any CPU.Build.0 = Release|Any CPU
		{2273EC4A-6728-0343-0BB0-8BF7400A0E78}.Debug|Any CPU.ActiveCfg = Debug|Any CPU
		{2273EC4A-6728-0343-0BB0-8BF7400A0E78}.Debug|Any CPU.Build.0 = Debug|Any CPU
		{2273EC4A-6728-0343-0BB0-8BF7400A0E78}.Release|Any CPU.ActiveCfg = Release|Any CPU
		{2273EC4A-6728-0343-0BB0-8BF7400A0E78}.Release|Any CPU.Build.0 = Release|Any CPU
		{7725C00D-A3D0-91B2-58DF-44D91E2ABD43}.Debug|Any CPU.ActiveCfg = Debug|Any CPU
		{7725C00D-A3D0-91B2-58DF-44D91E2ABD43}.Debug|Any CPU.Build.0 = Debug|Any CPU
		{7725C00D-A3D0-91B2-58DF-44D91E2ABD43}.Release|Any CPU.ActiveCfg = Release|Any CPU
		{7725C00D-A3D0-91B2-58DF-44D91E2ABD43}.Release|Any CPU.Build.0 = Release|Any CPU
		{9962E71B-C085-BFF4-18CE-300BDAE8A3C5}.Debug|Any CPU.ActiveCfg = Debug|Any CPU
		{9962E71B-C085-BFF4-18CE-300BDAE8A3C5}.Debug|Any CPU.Build.0 = Debug|Any CPU
		{9962E71B-C085-BFF4-18CE-300BDAE8A3C5}.Release|Any CPU.ActiveCfg = Release|Any CPU
		{9962E71B-C085-BFF4-18CE-300BDAE8A3C5}.Release|Any CPU.Build.0 = Release|Any CPU
		{25C191B3-B1A9-2089-3DEB-83093E389516}.Debug|Any CPU.ActiveCfg = Debug|Any CPU
		{25C191B3-B1A9-2089-3DEB-83093E389516}.Debug|Any CPU.Build.0 = Debug|Any CPU
		{25C191B3-B1A9-2089-3DEB-83093E389516}.Release|Any CPU.ActiveCfg = Release|Any CPU
		{25C191B3-B1A9-2089-3DEB-83093E389516}.Release|Any CPU.Build.0 = Release|Any CPU
		{B5E1B6B8-3A01-9FC5-EF59-D15C350EFBD9}.Debug|Any CPU.ActiveCfg = Debug|Any CPU
		{B5E1B6B8-3A01-9FC5-EF59-D15C350EFBD9}.Debug|Any CPU.Build.0 = Debug|Any CPU
		{B5E1B6B8-3A01-9FC5-EF59-D15C350EFBD9}.Release|Any CPU.ActiveCfg = Release|Any CPU
		{B5E1B6B8-3A01-9FC5-EF59-D15C350EFBD9}.Release|Any CPU.Build.0 = Release|Any CPU
		{29C8B731-66CB-F18D-E150-BD4D4E630DC6}.Debug|Any CPU.ActiveCfg = Debug|Any CPU
		{29C8B731-66CB-F18D-E150-BD4D4E630DC6}.Debug|Any CPU.Build.0 = Debug|Any CPU
		{29C8B731-66CB-F18D-E150-BD4D4E630DC6}.Release|Any CPU.ActiveCfg = Release|Any CPU
		{29C8B731-66CB-F18D-E150-BD4D4E630DC6}.Release|Any CPU.Build.0 = Release|Any CPU
		{36A0945D-1214-6BFD-5399-7EF621EF843D}.Debug|Any CPU.ActiveCfg = Debug|Any CPU
		{36A0945D-1214-6BFD-5399-7EF621EF843D}.Debug|Any CPU.Build.0 = Debug|Any CPU
		{36A0945D-1214-6BFD-5399-7EF621EF843D}.Release|Any CPU.ActiveCfg = Release|Any CPU
		{36A0945D-1214-6BFD-5399-7EF621EF843D}.Release|Any CPU.Build.0 = Release|Any CPU
		{BCC257E7-656B-D32F-60A0-A913D90C3DC9}.Debug|Any CPU.ActiveCfg = Debug|Any CPU
		{BCC257E7-656B-D32F-60A0-A913D90C3DC9}.Debug|Any CPU.Build.0 = Debug|Any CPU
		{BCC257E7-656B-D32F-60A0-A913D90C3DC9}.Release|Any CPU.ActiveCfg = Release|Any CPU
		{BCC257E7-656B-D32F-60A0-A913D90C3DC9}.Release|Any CPU.Build.0 = Release|Any CPU
		{02B8B84C-EEE9-94F4-558A-C71422BF34D8}.Debug|Any CPU.ActiveCfg = Debug|Any CPU
		{02B8B84C-EEE9-94F4-558A-C71422BF34D8}.Debug|Any CPU.Build.0 = Debug|Any CPU
		{02B8B84C-EEE9-94F4-558A-C71422BF34D8}.Release|Any CPU.ActiveCfg = Release|Any CPU
		{02B8B84C-EEE9-94F4-558A-C71422BF34D8}.Release|Any CPU.Build.0 = Release|Any CPU
		{C06ECBF0-92E9-C958-E710-6A521EEFCE52}.Debug|Any CPU.ActiveCfg = Debug|Any CPU
		{C06ECBF0-92E9-C958-E710-6A521EEFCE52}.Debug|Any CPU.Build.0 = Debug|Any CPU
		{C06ECBF0-92E9-C958-E710-6A521EEFCE52}.Release|Any CPU.ActiveCfg = Release|Any CPU
		{C06ECBF0-92E9-C958-E710-6A521EEFCE52}.Release|Any CPU.Build.0 = Release|Any CPU
		{C30C6297-4EB6-8C66-A138-477E4DFC9F29}.Debug|Any CPU.ActiveCfg = Debug|Any CPU
		{C30C6297-4EB6-8C66-A138-477E4DFC9F29}.Debug|Any CPU.Build.0 = Debug|Any CPU
		{C30C6297-4EB6-8C66-A138-477E4DFC9F29}.Release|Any CPU.ActiveCfg = Release|Any CPU
		{C30C6297-4EB6-8C66-A138-477E4DFC9F29}.Release|Any CPU.Build.0 = Release|Any CPU
		{7DE3DBF0-13B9-F5B3-B934-AA7103AE842D}.Debug|Any CPU.ActiveCfg = Debug|Any CPU
		{7DE3DBF0-13B9-F5B3-B934-AA7103AE842D}.Debug|Any CPU.Build.0 = Debug|Any CPU
		{7DE3DBF0-13B9-F5B3-B934-AA7103AE842D}.Release|Any CPU.ActiveCfg = Release|Any CPU
		{7DE3DBF0-13B9-F5B3-B934-AA7103AE842D}.Release|Any CPU.Build.0 = Release|Any CPU
		{09B9DC35-5744-68BA-D72F-72762311E1F9}.Debug|Any CPU.ActiveCfg = Debug|Any CPU
		{09B9DC35-5744-68BA-D72F-72762311E1F9}.Debug|Any CPU.Build.0 = Debug|Any CPU
		{09B9DC35-5744-68BA-D72F-72762311E1F9}.Release|Any CPU.ActiveCfg = Release|Any CPU
		{09B9DC35-5744-68BA-D72F-72762311E1F9}.Release|Any CPU.Build.0 = Release|Any CPU
		{85251856-612C-8577-2BFA-58B96545D48F}.Debug|Any CPU.ActiveCfg = Debug|Any CPU
		{85251856-612C-8577-2BFA-58B96545D48F}.Debug|Any CPU.Build.0 = Debug|Any CPU
		{85251856-612C-8577-2BFA-58B96545D48F}.Release|Any CPU.ActiveCfg = Release|Any CPU
		{85251856-612C-8577-2BFA-58B96545D48F}.Release|Any CPU.Build.0 = Release|Any CPU
		{FC5AA9F7-AEEF-FA6C-FB27-3A8D653CE0EF}.Debug|Any CPU.ActiveCfg = Debug|Any CPU
		{FC5AA9F7-AEEF-FA6C-FB27-3A8D653CE0EF}.Debug|Any CPU.Build.0 = Debug|Any CPU
		{FC5AA9F7-AEEF-FA6C-FB27-3A8D653CE0EF}.Release|Any CPU.ActiveCfg = Release|Any CPU
		{FC5AA9F7-AEEF-FA6C-FB27-3A8D653CE0EF}.Release|Any CPU.Build.0 = Release|Any CPU
		{45841DD9-CACD-4641-A0D9-34719D4046BF}.Debug|Any CPU.ActiveCfg = Debug|Any CPU
		{45841DD9-CACD-4641-A0D9-34719D4046BF}.Debug|Any CPU.Build.0 = Debug|Any CPU
		{45841DD9-CACD-4641-A0D9-34719D4046BF}.Release|Any CPU.ActiveCfg = Release|Any CPU
		{45841DD9-CACD-4641-A0D9-34719D4046BF}.Release|Any CPU.Build.0 = Release|Any CPU
		{0A132172-5CF3-47E1-C01E-B3E42AF9625F}.Debug|Any CPU.ActiveCfg = Debug|Any CPU
		{0A132172-5CF3-47E1-C01E-B3E42AF9625F}.Debug|Any CPU.Build.0 = Debug|Any CPU
		{0A132172-5CF3-47E1-C01E-B3E42AF9625F}.Release|Any CPU.ActiveCfg = Release|Any CPU
		{0A132172-5CF3-47E1-C01E-B3E42AF9625F}.Release|Any CPU.Build.0 = Release|Any CPU
		{605EE693-EE7D-24E6-D32F-1448AD7DF0FF}.Debug|Any CPU.ActiveCfg = Debug|Any CPU
		{605EE693-EE7D-24E6-D32F-1448AD7DF0FF}.Debug|Any CPU.Build.0 = Debug|Any CPU
		{605EE693-EE7D-24E6-D32F-1448AD7DF0FF}.Release|Any CPU.ActiveCfg = Release|Any CPU
		{605EE693-EE7D-24E6-D32F-1448AD7DF0FF}.Release|Any CPU.Build.0 = Release|Any CPU
		{477A190D-0F97-499F-C78E-9E0D83C7FC7F}.Debug|Any CPU.ActiveCfg = Debug|Any CPU
		{477A190D-0F97-499F-C78E-9E0D83C7FC7F}.Debug|Any CPU.Build.0 = Debug|Any CPU
		{477A190D-0F97-499F-C78E-9E0D83C7FC7F}.Release|Any CPU.ActiveCfg = Release|Any CPU
		{477A190D-0F97-499F-C78E-9E0D83C7FC7F}.Release|Any CPU.Build.0 = Release|Any CPU
		{1760FDB8-C483-573A-3D7F-7194161F0246}.Debug|Any CPU.ActiveCfg = Debug|Any CPU
		{1760FDB8-C483-573A-3D7F-7194161F0246}.Debug|Any CPU.Build.0 = Debug|Any CPU
		{1760FDB8-C483-573A-3D7F-7194161F0246}.Release|Any CPU.ActiveCfg = Release|Any CPU
		{1760FDB8-C483-573A-3D7F-7194161F0246}.Release|Any CPU.Build.0 = Release|Any CPU
		{F50D65BB-1AAF-C183-6F2D-12201D2ACA44}.Debug|Any CPU.ActiveCfg = Debug|Any CPU
		{F50D65BB-1AAF-C183-6F2D-12201D2ACA44}.Debug|Any CPU.Build.0 = Debug|Any CPU
		{F50D65BB-1AAF-C183-6F2D-12201D2ACA44}.Release|Any CPU.ActiveCfg = Release|Any CPU
		{F50D65BB-1AAF-C183-6F2D-12201D2ACA44}.Release|Any CPU.Build.0 = Release|Any CPU
		{25A5BA0C-5319-0BC9-0FE4-368D173E7776}.Debug|Any CPU.ActiveCfg = Debug|Any CPU
		{25A5BA0C-5319-0BC9-0FE4-368D173E7776}.Debug|Any CPU.Build.0 = Debug|Any CPU
		{25A5BA0C-5319-0BC9-0FE4-368D173E7776}.Release|Any CPU.ActiveCfg = Release|Any CPU
		{25A5BA0C-5319-0BC9-0FE4-368D173E7776}.Release|Any CPU.Build.0 = Release|Any CPU
	EndGlobalSection
	GlobalSection(SolutionProperties) = preSolution
		HideSolutionNode = FALSE
	EndGlobalSection
EndGlobal
